
Microsoft Visual Studio Solution File, Format Version 12.00
# Visual Studio 15
VisualStudioVersion = 15.0.28010.2050
MinimumVisualStudioVersion = 10.0.40219.1
Project("{2150E333-8FDC-42A3-9474-1A3956D46DE8}") = "Solution Items", "Solution Items", "{AB8C2CA6-915C-45A1-A4AA-BFA767B09F6C}"
EndProject
Project("{9A19103F-16F7-4668-BE54-9A1E7A4F7556}") = "VideoGallery.Model", "src\VideoGallery.Model\VideoGallery.Model.csproj", "{226B95C9-A9A6-4DF7-992C-A5945AF3AF0F}"
EndProject
Project("{FAE04EC0-301F-11D3-BF4B-00C04F79EFBC}") = "VideoGallery.Client", "VideoGallery.Client\VideoGallery.Client.csproj", "{853CAE94-28CA-4ED9-AEE7-D3395D868248}"
EndProject
Project("{FAE04EC0-301F-11D3-BF4B-00C04F79EFBC}") = "VideoGallery.API", "VideoGallery.API\VideoGallery.API.csproj", "{ADC392C5-D6F2-46B1-BD34-7A27848B7201}"
EndProject
Global
	GlobalSection(SolutionConfigurationPlatforms) = preSolution
		Debug|Any CPU = Debug|Any CPU
		Release|Any CPU = Release|Any CPU
	EndGlobalSection
	GlobalSection(ProjectConfigurationPlatforms) = postSolution
		{226B95C9-A9A6-4DF7-992C-A5945AF3AF0F}.Debug|Any CPU.ActiveCfg = Debug|Any CPU
		{226B95C9-A9A6-4DF7-992C-A5945AF3AF0F}.Debug|Any CPU.Build.0 = Debug|Any CPU
		{226B95C9-A9A6-4DF7-992C-A5945AF3AF0F}.Release|Any CPU.ActiveCfg = Release|Any CPU
		{226B95C9-A9A6-4DF7-992C-A5945AF3AF0F}.Release|Any CPU.Build.0 = Release|Any CPU
		{853CAE94-28CA-4ED9-AEE7-D3395D868248}.Debug|Any CPU.ActiveCfg = Debug|Any CPU
		{853CAE94-28CA-4ED9-AEE7-D3395D868248}.Debug|Any CPU.Build.0 = Debug|Any CPU
		{853CAE94-28CA-4ED9-AEE7-D3395D868248}.Release|Any CPU.ActiveCfg = Release|Any CPU
		{853CAE94-28CA-4ED9-AEE7-D3395D868248}.Release|Any CPU.Build.0 = Release|Any CPU
		{ADC392C5-D6F2-46B1-BD34-7A27848B7201}.Debug|Any CPU.ActiveCfg = Debug|Any CPU
		{ADC392C5-D6F2-46B1-BD34-7A27848B7201}.Debug|Any CPU.Build.0 = Debug|Any CPU
		{ADC392C5-D6F2-46B1-BD34-7A27848B7201}.Release|Any CPU.ActiveCfg = Release|Any CPU
		{ADC392C5-D6F2-46B1-BD34-7A27848B7201}.Release|Any CPU.Build.0 = Release|Any CPU
	EndGlobalSection
	GlobalSection(SolutionProperties) = preSolution
		HideSolutionNode = FALSE
	EndGlobalSection
	GlobalSection(ExtensibilityGlobals) = postSolution
		SolutionGuid = {73208C3C-1D91-45C3-B7F3-5E89C1F0E4C4}
	EndGlobalSection
EndGlobal
